// !$*UTF8*$!
{
	archiveVersion = 1;
	classes = {
	};
	objectVersion = 46;
	objects = {

/* Begin PBXBuildFile section */
		FC25857A19F986BB00A97DF4 /* Lagrange.cpp in Sources */ = {isa = PBXBuildFile; fileRef = FC25857819F986BB00A97DF4 /* Lagrange.cpp */; };
		FC25857E19F9875700A97DF4 /* Bezier.cpp in Sources */ = {isa = PBXBuildFile; fileRef = FC25857B19F9875700A97DF4 /* Bezier.cpp */; };
		FC25858119F98DFF00A97DF4 /* Polyline.cpp in Sources */ = {isa = PBXBuildFile; fileRef = FC25857F19F98DFF00A97DF4 /* Polyline.cpp */; };
		FC52083019F7DD7D00DC2688 /* main.cpp in Sources */ = {isa = PBXBuildFile; fileRef = FC52082F19F7DD7D00DC2688 /* main.cpp */; };
		FC52084319F7DFB700DC2688 /* GLUT.framework in Frameworks */ = {isa = PBXBuildFile; fileRef = FC52084119F7DFB700DC2688 /* GLUT.framework */; };
		FC52084419F7DFB700DC2688 /* OpenGL.framework in Frameworks */ = {isa = PBXBuildFile; fileRef = FC52084219F7DFB700DC2688 /* OpenGL.framework */; };
		FC52084A19F7DFFF00DC2688 /* Freeform.cpp in Sources */ = {isa = PBXBuildFile; fileRef = FC52084819F7DFFF00DC2688 /* Freeform.cpp */; };
/* End PBXBuildFile section */

/* Begin PBXCopyFilesBuildPhase section */
		FC52082A19F7DD7D00DC2688 /* CopyFiles */ = {
			isa = PBXCopyFilesBuildPhase;
			buildActionMask = 2147483647;
			dstPath = /usr/share/man/man1/;
			dstSubfolderSpec = 0;
			files = (
			);
			runOnlyForDeploymentPostprocessing = 1;
		};
/* End PBXCopyFilesBuildPhase section */

/* Begin PBXFileReference section */
		FC25857819F986BB00A97DF4 /* Lagrange.cpp */ = {isa = PBXFileReference; fileEncoding = 4; lastKnownFileType = sourcecode.cpp.cpp; path = Lagrange.cpp; sourceTree = "<group>"; };
		FC25857919F986BB00A97DF4 /* Lagrange.h */ = {isa = PBXFileReference; fileEncoding = 4; lastKnownFileType = sourcecode.c.h; path = Lagrange.h; sourceTree = "<group>"; };
		FC25857B19F9875700A97DF4 /* Bezier.cpp */ = {isa = PBXFileReference; fileEncoding = 4; lastKnownFileType = sourcecode.cpp.cpp; path = Bezier.cpp; sourceTree = "<group>"; };
		FC25857C19F9875700A97DF4 /* Bezier.h */ = {isa = PBXFileReference; fileEncoding = 4; lastKnownFileType = sourcecode.c.h; path = Bezier.h; sourceTree = "<group>"; };
		FC25857D19F9875700A97DF4 /* float2.h */ = {isa = PBXFileReference; fileEncoding = 4; lastKnownFileType = sourcecode.c.h; path = float2.h; sourceTree = "<group>"; };
		FC25857F19F98DFF00A97DF4 /* Polyline.cpp */ = {isa = PBXFileReference; fileEncoding = 4; lastKnownFileType = sourcecode.cpp.cpp; path = Polyline.cpp; sourceTree = "<group>"; };
		FC25858019F98DFF00A97DF4 /* Polyline.h */ = {isa = PBXFileReference; fileEncoding = 4; lastKnownFileType = sourcecode.c.h; path = Polyline.h; sourceTree = "<group>"; };
		FC52082C19F7DD7D00DC2688 /* Graphics Curve Editor */ = {isa = PBXFileReference; explicitFileType = "compiled.mach-o.executable"; includeInIndex = 0; path = "Graphics Curve Editor"; sourceTree = BUILT_PRODUCTS_DIR; };
		FC52082F19F7DD7D00DC2688 /* main.cpp */ = {isa = PBXFileReference; lastKnownFileType = sourcecode.cpp.cpp; path = main.cpp; sourceTree = "<group>"; };
		FC52084119F7DFB700DC2688 /* GLUT.framework */ = {isa = PBXFileReference; lastKnownFileType = wrapper.framework; name = GLUT.framework; path = System/Library/Frameworks/GLUT.framework; sourceTree = SDKROOT; };
		FC52084219F7DFB700DC2688 /* OpenGL.framework */ = {isa = PBXFileReference; lastKnownFileType = wrapper.framework; name = OpenGL.framework; path = System/Library/Frameworks/OpenGL.framework; sourceTree = SDKROOT; };
		FC52084819F7DFFF00DC2688 /* Freeform.cpp */ = {isa = PBXFileReference; fileEncoding = 4; lastKnownFileType = sourcecode.cpp.cpp; path = Freeform.cpp; sourceTree = "<group>"; };
		FC52084919F7DFFF00DC2688 /* Freeform.h */ = {isa = PBXFileReference; fileEncoding = 4; lastKnownFileType = sourcecode.c.h; path = Freeform.h; sourceTree = "<group>"; };
		FC6A749619F9A2DC0024B212 /* Notes */ = {isa = PBXFileReference; fileEncoding = 4; lastKnownFileType = text; path = Notes; sourceTree = "<group>"; };
/* End PBXFileReference section */

/* Begin PBXFrameworksBuildPhase section */
		FC52082919F7DD7D00DC2688 /* Frameworks */ = {
			isa = PBXFrameworksBuildPhase;
			buildActionMask = 2147483647;
			files = (
				FC52084319F7DFB700DC2688 /* GLUT.framework in Frameworks */,
				FC52084419F7DFB700DC2688 /* OpenGL.framework in Frameworks */,
			);
			runOnlyForDeploymentPostprocessing = 0;
		};
/* End PBXFrameworksBuildPhase section */

/* Begin PBXGroup section */
		FC52082319F7DD7D00DC2688 = {
			isa = PBXGroup;
			children = (
				FC52084119F7DFB700DC2688 /* GLUT.framework */,
				FC52084219F7DFB700DC2688 /* OpenGL.framework */,
				FC52082E19F7DD7D00DC2688 /* Graphics Curve Editor */,
				FC52082D19F7DD7D00DC2688 /* Products */,
			);
			sourceTree = "<group>";
		};
		FC52082D19F7DD7D00DC2688 /* Products */ = {
			isa = PBXGroup;
			children = (
				FC52082C19F7DD7D00DC2688 /* Graphics Curve Editor */,
			);
			name = Products;
			sourceTree = "<group>";
		};
		FC52082E19F7DD7D00DC2688 /* Graphics Curve Editor */ = {
			isa = PBXGroup;
			children = (
				FC52082F19F7DD7D00DC2688 /* main.cpp */,
				FC52084819F7DFFF00DC2688 /* Freeform.cpp */,
				FC52084919F7DFFF00DC2688 /* Freeform.h */,
				FC25857B19F9875700A97DF4 /* Bezier.cpp */,
				FC25857C19F9875700A97DF4 /* Bezier.h */,
				FC25857819F986BB00A97DF4 /* Lagrange.cpp */,
				FC25857919F986BB00A97DF4 /* Lagrange.h */,
				FC25857F19F98DFF00A97DF4 /* Polyline.cpp */,
				FC25858019F98DFF00A97DF4 /* Polyline.h */,
				FC25857D19F9875700A97DF4 /* float2.h */,
				FC6A749619F9A2DC0024B212 /* Notes */,
			);
			path = "Graphics Curve Editor";
			sourceTree = "<group>";
		};
/* End PBXGroup section */

/* Begin PBXNativeTarget section */
		FC52082B19F7DD7D00DC2688 /* Graphics Curve Editor */ = {
			isa = PBXNativeTarget;
			buildConfigurationList = FC52083319F7DD7D00DC2688 /* Build configuration list for PBXNativeTarget "Graphics Curve Editor" */;
			buildPhases = (
				FC52082819F7DD7D00DC2688 /* Sources */,
				FC52082919F7DD7D00DC2688 /* Frameworks */,
				FC52082A19F7DD7D00DC2688 /* CopyFiles */,
			);
			buildRules = (
			);
			dependencies = (
			);
			name = "Graphics Curve Editor";
			productName = "Graphics Curve Editor";
			productReference = FC52082C19F7DD7D00DC2688 /* Graphics Curve Editor */;
			productType = "com.apple.product-type.tool";
		};
/* End PBXNativeTarget section */

/* Begin PBXProject section */
		FC52082419F7DD7D00DC2688 /* Project object */ = {
			isa = PBXProject;
			attributes = {
				LastUpgradeCheck = 0600;
				ORGANIZATIONNAME = AIT;
				TargetAttributes = {
					FC52082B19F7DD7D00DC2688 = {
						CreatedOnToolsVersion = 6.0.1;
					};
				};
			};
			buildConfigurationList = FC52082719F7DD7D00DC2688 /* Build configuration list for PBXProject "Graphics Curve Editor" */;
			compatibilityVersion = "Xcode 3.2";
			developmentRegion = English;
			hasScannedForEncodings = 0;
			knownRegions = (
				en,
			);
			mainGroup = FC52082319F7DD7D00DC2688;
			productRefGroup = FC52082D19F7DD7D00DC2688 /* Products */;
			projectDirPath = "";
			projectRoot = "";
			targets = (
				FC52082B19F7DD7D00DC2688 /* Graphics Curve Editor */,
			);
		};
/* End PBXProject section */

/* Begin PBXSourcesBuildPhase section */
		FC52082819F7DD7D00DC2688 /* Sources */ = {
			isa = PBXSourcesBuildPhase;
			buildActionMask = 2147483647;
			files = (
				FC25857E19F9875700A97DF4 /* Bezier.cpp in Sources */,
				FC52084A19F7DFFF00DC2688 /* Freeform.cpp in Sources */,
				FC25857A19F986BB00A97DF4 /* Lagrange.cpp in Sources */,
				FC52083019F7DD7D00DC2688 /* main.cpp in Sources */,
				FC25858119F98DFF00A97DF4 /* Polyline.cpp in Sources */,
			);
			runOnlyForDeploymentPostprocessing = 0;
		};
/* End PBXSourcesBuildPhase section */

/* Begin XCBuildConfiguration section */
		FC52083119F7DD7D00DC2688 /* Debug */ = {
			isa = XCBuildConfiguration;
			buildSettings = {
				ALWAYS_SEARCH_USER_PATHS = NO;
				CLANG_CXX_LANGUAGE_STANDARD = "gnu++0x";
				CLANG_CXX_LIBRARY = "libc++";
				CLANG_ENABLE_MODULES = YES;
				CLANG_ENABLE_OBJC_ARC = YES;
				CLANG_WARN_BOOL_CONVERSION = YES;
				CLANG_WARN_CONSTANT_CONVERSION = YES;
				CLANG_WARN_DIRECT_OBJC_ISA_USAGE = YES_ERROR;
				CLANG_WARN_EMPTY_BODY = YES;
				CLANG_WARN_ENUM_CONVERSION = YES;
				CLANG_WARN_INT_CONVERSION = YES;
				CLANG_WARN_OBJC_ROOT_CLASS = YES_ERROR;
				CLANG_WARN_UNREACHABLE_CODE = YES;
				CLANG_WARN__DUPLICATE_METHOD_MATCH = YES;
				COPY_PHASE_STRIP = NO;
				ENABLE_STRICT_OBJC_MSGSEND = YES;
				GCC_C_LANGUAGE_STANDARD = gnu99;
				GCC_DYNAMIC_NO_PIC = NO;
				GCC_OPTIMIZATION_LEVEL = 0;
				GCC_PREPROCESSOR_DEFINITIONS = (
					"DEBUG=1",
					"$(inherited)",
				);
				GCC_SYMBOLS_PRIVATE_EXTERN = NO;
				GCC_WARN_64_TO_32_BIT_CONVERSION = YES;
				GCC_WARN_ABOUT_DEPRECATED_FUNCTIONS = NO;
				GCC_WARN_ABOUT_RETURN_TYPE = YES_ERROR;
				GCC_WARN_UNDECLARED_SELECTOR = YES;
				GCC_WARN_UNINITIALIZED_AUTOS = YES_AGGRESSIVE;
				GCC_WARN_UNUSED_FUNCTION = YES;
				GCC_WARN_UNUSED_VARIABLE = YES;
				MACOSX_DEPLOYMENT_TARGET = 10.9;
				MTL_ENABLE_DEBUG_INFO = YES;
				ONLY_ACTIVE_ARCH = YES;
				SDKROOT = macosx;
			};
			name = Debug;
		};
		FC52083219F7DD7D00DC2688 /* Release */ = {
			isa = XCBuildConfiguration;
			buildSettings = {
				ALWAYS_SEARCH_USER_PATHS = NO;
				CLANG_CXX_LANGUAGE_STANDARD = "gnu++0x";
				CLANG_CXX_LIBRARY = "libc++";
				CLANG_ENABLE_MODULES = YES;
				CLANG_ENABLE_OBJC_ARC = YES;
				CLANG_WARN_BOOL_CONVERSION = YES;
				CLANG_WARN_CONSTANT_CONVERSION = YES;
				CLANG_WARN_DIRECT_OBJC_ISA_USAGE = YES_ERROR;
				CLANG_WARN_EMPTY_BODY = YES;
				CLANG_WARN_ENUM_CONVERSION = YES;
				CLANG_WARN_INT_CONVERSION = YES;
				CLANG_WARN_OBJC_ROOT_CLASS = YES_ERROR;
				CLANG_WARN_UNREACHABLE_CODE = YES;
				CLANG_WARN__DUPLICATE_METHOD_MATCH = YES;
				COPY_PHASE_STRIP = YES;
				DEBUG_INFORMATION_FORMAT = "dwarf-with-dsym";
				ENABLE_NS_ASSERTIONS = NO;
				ENABLE_STRICT_OBJC_MSGSEND = YES;
				GCC_C_LANGUAGE_STANDARD = gnu99;
				GCC_WARN_64_TO_32_BIT_CONVERSION = YES;
				GCC_WARN_ABOUT_DEPRECATED_FUNCTIONS = NO;
				GCC_WARN_ABOUT_RETURN_TYPE = YES_ERROR;
				GCC_WARN_UNDECLARED_SELECTOR = YES;
				GCC_WARN_UNINITIALIZED_AUTOS = YES_AGGRESSIVE;
				GCC_WARN_UNUSED_FUNCTION = YES;
				GCC_WARN_UNUSED_VARIABLE = YES;
				MACOSX_DEPLOYMENT_TARGET = 10.9;
				MTL_ENABLE_DEBUG_INFO = NO;
				SDKROOT = macosx;
			};
			name = Release;
		};
		FC52083419F7DD7D00DC2688 /* Debug */ = {
			isa = XCBuildConfiguration;
			buildSettings = {
				PRODUCT_NAME = "$(TARGET_NAME)";
			};
			name = Debug;
		};
		FC52083519F7DD7D00DC2688 /* Release */ = {
			isa = XCBuildConfiguration;
			buildSettings = {
				PRODUCT_NAME = "$(TARGET_NAME)";
			};
			name = Release;
		};
/* End XCBuildConfiguration section */

/* Begin XCConfigurationList section */
		FC52082719F7DD7D00DC2688 /* Build configuration list for PBXProject "Graphics Curve Editor" */ = {
			isa = XCConfigurationList;
			buildConfigurations = (
				FC52083119F7DD7D00DC2688 /* Debug */,
				FC52083219F7DD7D00DC2688 /* Release */,
			);
			defaultConfigurationIsVisible = 0;
			defaultConfigurationName = Release;
		};
		FC52083319F7DD7D00DC2688 /* Build configuration list for PBXNativeTarget "Graphics Curve Editor" */ = {
			isa = XCConfigurationList;
			buildConfigurations = (
				FC52083419F7DD7D00DC2688 /* Debug */,
				FC52083519F7DD7D00DC2688 /* Release */,
			);
			defaultConfigurationIsVisible = 0;
			defaultConfigurationName = Release;
		};
/* End XCConfigurationList section */
	};
	rootObject = FC52082419F7DD7D00DC2688 /* Project object */;
}
